<?xml version="1.0" encoding="utf-8"?>
<Project ToolsVersion="4.0" xmlns="http://schemas.microsoft.com/developer/msbuild/2003">
  <ItemGroup>
    <Filter Include="Source Files">
      <UniqueIdentifier>{4e731e26-0fcc-4fd0-8523-49a1d140c157}</UniqueIdentifier>
      <Extensions>cpp;c;cxx;rc;def;r;odl;idl;hpj;bat</Extensions>
    </Filter>
    <Filter Include="Header Files">
      <UniqueIdentifier>{bd7d92dd-9973-484f-b1cb-f0156b1b68a1}</UniqueIdentifier>
      <Extensions>h;hpp;hxx;hm;inl</Extensions>
    </Filter>
    <Filter Include="Resource Files">
      <UniqueIdentifier>{2b33b0a2-3457-4a79-a65f-078f531e4486}</UniqueIdentifier>
      <Extensions>ico;cur;bmp;dlg;rc2;rct;bin;rgs;gif;jpg;jpeg;jpe</Extensions>
    </Filter>
  </ItemGroup>
  <ItemGroup>
    <ClCompile Include="alloc.cpp">
      <Filter>Source Files</Filter>
    </ClCompile>
    <ClCompile Include="bind.cpp">
      <Filter>Source Files</Filter>
    </ClCompile>
    <ClCompile Include="comp.cpp">
      <Filter>Source Files</Filter>
    </ClCompile>
    <ClCompile Include="CORexp.cpp">
      <Filter>Source Files</Filter>
    </ClCompile>
    <ClCompile Include="CORimp.cpp">
      <Filter>Source Files</Filter>
    </ClCompile>
    <ClCompile Include="error.cpp">
      <Filter>Source Files</Filter>
    </ClCompile>
    <ClCompile Include="foldexpr.cpp">
      <Filter>Source Files</Filter>
    </ClCompile>
    <ClCompile Include="gencode.cpp">
      <Filter>Source Files</Filter>
    </ClCompile>
    <ClCompile Include="genIL.cpp">
      <Filter>Source Files</Filter>
    </ClCompile>
    <ClCompile Include="hash.cpp">
      <Filter>Source Files</Filter>
    </ClCompile>
    <ClCompile Include="macros.cpp">
      <Filter>Source Files</Filter>
    </ClCompile>
    <ClCompile Include="outfile.cpp">
      <Filter>Source Files</Filter>
    </ClCompile>
    <ClCompile Include="parser.cpp">
      <Filter>Source Files</Filter>
    </ClCompile>
    <ClCompile Include="PEwrite.cpp">
      <Filter>Source Files</Filter>
    </ClCompile>
    <ClCompile Include="scan.cpp">
      <Filter>Source Files</Filter>
    </ClCompile>
    <ClCompile Include="smc.cpp">
      <Filter>Source Files</Filter>
    </ClCompile>
    <ClCompile Include="symbol.cpp">
      <Filter>Source Files</Filter>
    </ClCompile>
    <ClCompile Include="tree.cpp">
      <Filter>Source Files</Filter>
    </ClCompile>
    <ClCompile Include="type.cpp">
      <Filter>Source Files</Filter>
    </ClCompile>
    <ClCompile Include="version.c">
      <Filter>Source Files</Filter>
    </ClCompile>
  </ItemGroup>
</Project>